
Microsoft Visual Studio Solution File, Format Version 12.00
# Visual Studio Version 16
VisualStudioVersion = 16.0.30413.136
MinimumVisualStudioVersion = 10.0.40219.1
Project("{FAE04EC0-301F-11D3-BF4B-00C04F79EFBC}") = "GetOrCreateDevice", "CreateDevice\GetOrCreateDevice.csproj", "{BCB45415-EB3B-49E6-B56D-940F4C184022}"
EndProject
Global
	GlobalSection(SolutionConfigurationPlatforms) = preSolution
		Debug|Any CPU = Debug|Any CPU
		Release|Any CPU = Release|Any CPU
	EndGlobalSection
	GlobalSection(ProjectConfigurationPlatforms) = postSolution
		{BCB45415-EB3B-49E6-B56D-940F4C184022}.Debug|Any CPU.ActiveCfg = Debug|Any CPU
		{BCB45415-EB3B-49E6-B56D-940F4C184022}.Debug|Any CPU.Build.0 = Debug|Any CPU
		{BCB45415-EB3B-49E6-B56D-940F4C184022}.Release|Any CPU.ActiveCfg = Release|Any CPU
		{BCB45415-EB3B-49E6-B56D-940F4C184022}.Release|Any CPU.Build.0 = Release|Any CPU
	EndGlobalSection
	GlobalSection(SolutionProperties) = preSolution
		HideSolutionNode = FALSE
	EndGlobalSection
	GlobalSection(ExtensibilityGlobals) = postSolution
		SolutionGuid = {6C27DC52-1213-469B-BD54-108CEAAE6EE5}
	EndGlobalSection
EndGlobal
